
Microsoft Visual Studio Solution File, Format Version 12.00
# Visual Studio Express 2012 for Windows Desktop
Project("{8BC9CEB8-8B4A-11D0-8D11-00A0C91BC942}") = "Project1", "Project1\Project1.vcxproj", "{EBEC6F0F-F53E-4249-8C8A-F737FB544EDB}"
EndProject
Global
	GlobalSection(SolutionConfigurationPlatforms) = preSolution
		Debug|Win32 = Debug|Win32
		Release|Win32 = Release|Win32
	EndGlobalSection
	GlobalSection(ProjectConfigurationPlatforms) = postSolution
		{EBEC6F0F-F53E-4249-8C8A-F737FB544EDB}.Debug|Win32.ActiveCfg = Debug|Win32
		{EBEC6F0F-F53E-4249-8C8A-F737FB544EDB}.Debug|Win32.Build.0 = Debug|Win32
		{EBEC6F0F-F53E-4249-8C8A-F737FB544EDB}.Release|Win32.ActiveCfg = Release|Win32
		{EBEC6F0F-F53E-4249-8C8A-F737FB544EDB}.Release|Win32.Build.0 = Release|Win32
	EndGlobalSection
	GlobalSection(SolutionProperties) = preSolution
		HideSolutionNode = FALSE
	EndGlobalSection
EndGlobal
